{
  "nodes": {
    "brew-src": {
      "flake": false,
      "locked": {
        "lastModified": 1742457334,
        "narHash": "sha256-Gn7ruyb3NDFr+SsHBfA2NsJI8YkkWdECqLRj/xcjt+E=",
        "owner": "Homebrew",
        "repo": "brew",
        "rev": "f3bd91d3afe086824d24708230e1f0c7f943135a",
        "type": "github"
      },
      "original": {
        "owner": "Homebrew",
        "ref": "4.4.25",
        "repo": "brew",
        "type": "github"
      }
    },
    "flake-parts": {
      "inputs": {
        "nixpkgs-lib": "nixpkgs-lib"
      },
      "locked": {
        "lastModified": 1743550720,
        "narHash": "sha256-hIshGgKZCgWh6AYJpJmRgFdR3WUbkY04o82X05xqQiY=",
        "owner": "hercules-ci",
        "repo": "flake-parts",
        "rev": "c621e8422220273271f52058f618c94e405bb0f5",
        "type": "github"
      },
      "original": {
        "owner": "hercules-ci",
        "repo": "flake-parts",
        "type": "github"
      }
    },
    "flake-parts_2": {
      "inputs": {
        "nixpkgs-lib": [
          "nixvim",
          "nixvim",
          "nixpkgs"
        ]
      },
      "locked": {
        "lastModified": 1743550720,
        "narHash": "sha256-hIshGgKZCgWh6AYJpJmRgFdR3WUbkY04o82X05xqQiY=",
        "owner": "hercules-ci",
        "repo": "flake-parts",
        "rev": "c621e8422220273271f52058f618c94e405bb0f5",
        "type": "github"
      },
      "original": {
        "owner": "hercules-ci",
        "repo": "flake-parts",
        "type": "github"
      }
    },
    "flake-parts_3": {
      "inputs": {
        "nixpkgs-lib": "nixpkgs-lib_2"
      },
      "locked": {
        "lastModified": 1709336216,
        "narHash": "sha256-Dt/wOWeW6Sqm11Yh+2+t0dfEWxoMxGBvv3JpIocFl9E=",
        "owner": "hercules-ci",
        "repo": "flake-parts",
        "rev": "f7b3c975cf067e56e7cda6cb098ebe3fb4d74ca2",
        "type": "github"
      },
      "original": {
        "id": "flake-parts",
        "type": "indirect"
      }
    },
    "flake-utils": {
      "inputs": {
        "systems": "systems"
      },
      "locked": {
        "lastModified": 1731533236,
        "narHash": "sha256-l0KFg5HjrsfsO/JpG+r7fRrqm12kzFHyUHqHCVpMMbI=",
        "owner": "numtide",
        "repo": "flake-utils",
        "rev": "11707dc2f618dd54ca8739b309ec4fc024de578b",
        "type": "github"
      },
      "original": {
        "owner": "numtide",
        "repo": "flake-utils",
        "type": "github"
      }
    },
    "home-manager": {
      "inputs": {
        "nixpkgs": [
          "nixpkgs"
        ]
      },
      "locked": {
        "lastModified": 1745071558,
        "narHash": "sha256-bvcatss0xodcdxXm0LUSLPd2jjrhqO3yFSu3stOfQXg=",
        "owner": "nix-community",
        "repo": "home-manager",
        "rev": "9676e8a52a177d80c8a42f66566362a6d74ecf78",
        "type": "github"
      },
      "original": {
        "owner": "nix-community",
        "repo": "home-manager",
        "type": "github"
      }
    },
    "homebrew-borkdude": {
      "flake": false,
      "locked": {
        "lastModified": 1744969580,
        "narHash": "sha256-t1FA5J0Pmx+Y0vgnIW90bsLx2zOZU7+sZkxBSAVfPRc=",
        "owner": "borkdude",
        "repo": "homebrew-brew",
        "rev": "69072136d8b4f9df6db146827a1a6add12908d15",
        "type": "github"
      },
      "original": {
        "owner": "borkdude",
        "repo": "homebrew-brew",
        "type": "github"
      }
    },
    "homebrew-cask": {
      "flake": false,
      "locked": {
        "lastModified": 1745121747,
        "narHash": "sha256-0dhcRbVNILP0K0xzDlR2fK+gP5Pww4OR4tbSm7KuXaQ=",
        "owner": "homebrew",
        "repo": "homebrew-cask",
        "rev": "2e1b2c8d2e4731d0aa86bb80e79502cbf8bf878e",
        "type": "github"
      },
      "original": {
        "owner": "homebrew",
        "repo": "homebrew-cask",
        "type": "github"
      }
    },
    "homebrew-cone": {
      "flake": false,
      "locked": {
        "lastModified": 1739399800,
        "narHash": "sha256-POTuYQDZWcLn2GO9cLSmPauUrSvKulYlKvniNYeoYCg=",
        "owner": "conductorone",
        "repo": "homebrew-cone",
        "rev": "eaf92610aaee5051b97b69a473a83db9230b651b",
        "type": "github"
      },
      "original": {
        "owner": "conductorone",
        "repo": "homebrew-cone",
        "type": "github"
      }
    },
    "homebrew-core": {
      "flake": false,
      "locked": {
        "lastModified": 1745120061,
        "narHash": "sha256-Zg33TumaJf6j540byivYBtc/8pASe0f7ie8fUv8bo80=",
        "owner": "homebrew",
        "repo": "homebrew-core",
        "rev": "3e69b58508dc159f3cde90ecb650c340d70880a3",
        "type": "github"
      },
      "original": {
        "owner": "homebrew",
        "repo": "homebrew-core",
        "type": "github"
      }
    },
    "homebrew-hashicorp": {
      "flake": false,
      "locked": {
        "lastModified": 1745003654,
        "narHash": "sha256-ahqZX/FXHhHFw+6nefm1jcOidSkzxoib/7XHkQU+jZ8=",
        "owner": "hashicorp",
        "repo": "homebrew-tap",
        "rev": "94ccc40c31978a7e894e2ab4ad6749628af4178a",
        "type": "github"
      },
      "original": {
        "owner": "hashicorp",
        "repo": "homebrew-tap",
        "type": "github"
      }
    },
    "homebrew-nikitabobko": {
      "flake": false,
      "locked": {
        "lastModified": 1744662913,
        "narHash": "sha256-u+Z3wdxJSsIOsPJiat5ZJqCkkJuGV8/08dmYi1a2zxo=",
        "owner": "nikitabobko",
        "repo": "homebrew-tap",
        "rev": "2629feb5ffdc523b004181b66f376d76161ce87b",
        "type": "github"
      },
      "original": {
        "owner": "nikitabobko",
        "repo": "homebrew-tap",
        "type": "github"
      }
    },
    "homebrew-services": {
      "flake": false,
      "locked": {
        "lastModified": 1742475690,
        "narHash": "sha256-qg3/+iHtnFe6VxGapisTatGnoH0XG4BnWWqwwzWYzk0=",
        "owner": "homebrew",
        "repo": "homebrew-services",
        "rev": "2c294ab9515576d961cea28c93148c6452db2def",
        "type": "github"
      },
      "original": {
        "owner": "homebrew",
        "repo": "homebrew-services",
        "type": "github"
      }
    },
    "ixx": {
      "inputs": {
        "flake-utils": [
          "nixvim",
          "nixvim",
          "nuschtosSearch",
          "flake-utils"
        ],
        "nixpkgs": [
          "nixvim",
          "nixvim",
          "nuschtosSearch",
          "nixpkgs"
        ]
      },
      "locked": {
        "lastModified": 1729958008,
        "narHash": "sha256-EiOq8jF4Z/zQe0QYVc3+qSKxRK//CFHMB84aYrYGwEs=",
        "owner": "NuschtOS",
        "repo": "ixx",
        "rev": "9fd01aad037f345350eab2cd45e1946cc66da4eb",
        "type": "github"
      },
      "original": {
        "owner": "NuschtOS",
        "ref": "v0.0.6",
        "repo": "ixx",
        "type": "github"
      }
    },
    "nix-darwin": {
      "inputs": {
        "nixpkgs": [
          "nixpkgs"
        ]
      },
      "locked": {
        "lastModified": 1744478979,
        "narHash": "sha256-dyN+teG9G82G+m+PX/aSAagkC+vUv0SgUw3XkPhQodQ=",
        "owner": "LnL7",
        "repo": "nix-darwin",
        "rev": "43975d782b418ebf4969e9ccba82466728c2851b",
        "type": "github"
      },
      "original": {
        "owner": "LnL7",
        "repo": "nix-darwin",
        "type": "github"
      }
    },
    "nix-homebrew": {
      "inputs": {
        "brew-src": "brew-src",
        "nix-darwin": [
          "nix-darwin"
        ],
        "nixpkgs": [
          "nixpkgs"
        ]
      },
      "locked": {
        "lastModified": 1744563914,
        "narHash": "sha256-0exTKCXDE/8G7gZQ9Gk3EcZBAL7lwzxhD7DtUBsnlGI=",
        "owner": "zhaofengli",
        "repo": "nix-homebrew",
        "rev": "53507607d69c88efc816e806b8139607c7257285",
        "type": "github"
      },
      "original": {
        "owner": "zhaofengli",
        "repo": "nix-homebrew",
        "type": "github"
      }
    },
    "nixpkgs": {
      "locked": {
        "lastModified": 1744868846,
        "narHash": "sha256-5RJTdUHDmj12Qsv7XOhuospjAjATNiTMElplWnJE9Hs=",
        "owner": "NixOS",
        "repo": "nixpkgs",
        "rev": "ebe4301cbd8f81c4f8d3244b3632338bbeb6d49c",
        "type": "github"
      },
      "original": {
        "owner": "NixOS",
        "ref": "nixpkgs-unstable",
        "repo": "nixpkgs",
        "type": "github"
      }
    },
    "nixpkgs-lib": {
      "locked": {
        "lastModified": 1743296961,
        "narHash": "sha256-b1EdN3cULCqtorQ4QeWgLMrd5ZGOjLSLemfa00heasc=",
        "owner": "nix-community",
        "repo": "nixpkgs.lib",
        "rev": "e4822aea2a6d1cdd36653c134cacfd64c97ff4fa",
        "type": "github"
      },
      "original": {
        "owner": "nix-community",
        "repo": "nixpkgs.lib",
        "type": "github"
      }
    },
    "nixpkgs-lib_2": {
      "locked": {
        "dir": "lib",
        "lastModified": 1709237383,
        "narHash": "sha256-cy6ArO4k5qTx+l5o+0mL9f5fa86tYUX3ozE1S+Txlds=",
        "owner": "NixOS",
        "repo": "nixpkgs",
        "rev": "1536926ef5621b09bba54035ae2bb6d806d72ac8",
        "type": "github"
      },
      "original": {
        "dir": "lib",
        "owner": "NixOS",
        "ref": "nixos-unstable",
        "repo": "nixpkgs",
        "type": "github"
      }
    },
    "nixpkgs_2": {
      "locked": {
        "lastModified": 1743938762,
        "narHash": "sha256-UgFYn8sGv9B8PoFpUfCa43CjMZBl1x/ShQhRDHBFQdI=",
        "owner": "NixOS",
        "repo": "nixpkgs",
        "rev": "74a40410369a1c35ee09b8a1abee6f4acbedc059",
        "type": "github"
      },
      "original": {
        "owner": "NixOS",
        "ref": "nixpkgs-unstable",
        "repo": "nixpkgs",
        "type": "github"
      }
    },
    "nixpkgs_3": {
      "locked": {
        "lastModified": 1711333969,
        "narHash": "sha256-5PiWGn10DQjMZee5NXzeA6ccsv60iLu+Xtw+mfvkUAs=",
        "owner": "NixOS",
        "repo": "nixpkgs",
        "rev": "57e6b3a9e4ebec5aa121188301f04a6b8c354c9b",
        "type": "github"
      },
      "original": {
        "owner": "NixOS",
        "ref": "nixos-unstable",
        "repo": "nixpkgs",
        "type": "github"
      }
    },
    "nixvim": {
      "inputs": {
        "flake-parts": "flake-parts",
        "nixpkgs": [
          "nixpkgs"
        ],
        "nixvim": "nixvim_2"
      },
      "locked": {
        "path": "flakes/nixvim",
        "type": "path"
      },
      "original": {
        "path": "flakes/nixvim",
        "type": "path"
      },
      "parent": []
    },
    "nixvim_2": {
      "inputs": {
        "flake-parts": "flake-parts_2",
        "nixpkgs": "nixpkgs_2",
        "nuschtosSearch": "nuschtosSearch"
      },
      "locked": {
        "lastModified": 1744028177,
        "narHash": "sha256-etbUDe2Httgl6oI14M1nTV39+478dJ0UyLJKx/DtZi8=",
        "owner": "nix-community",
        "repo": "nixvim",
        "rev": "cc8918663a711a10cd45650e7bb4c933c5ec4ad7",
        "type": "github"
      },
      "original": {
        "owner": "nix-community",
        "repo": "nixvim",
        "type": "github"
      }
    },
    "nuschtosSearch": {
      "inputs": {
        "flake-utils": "flake-utils",
        "ixx": "ixx",
        "nixpkgs": [
          "nixvim",
          "nixvim",
          "nixpkgs"
        ]
      },
      "locked": {
        "lastModified": 1743683223,
        "narHash": "sha256-LdXtHFvhEC3S64dphap1pkkzwjErbW65eH1VRerCUT0=",
        "owner": "NuschtOS",
        "repo": "search",
        "rev": "56a49ffef2908dad1e9a8adef1f18802bc760962",
        "type": "github"
      },
      "original": {
        "owner": "NuschtOS",
        "repo": "search",
        "type": "github"
      }
    },
    "root": {
      "inputs": {
        "home-manager": "home-manager",
        "homebrew-borkdude": "homebrew-borkdude",
        "homebrew-cask": "homebrew-cask",
        "homebrew-cone": "homebrew-cone",
        "homebrew-core": "homebrew-core",
        "homebrew-hashicorp": "homebrew-hashicorp",
        "homebrew-nikitabobko": "homebrew-nikitabobko",
        "homebrew-services": "homebrew-services",
        "nix-darwin": "nix-darwin",
        "nix-homebrew": "nix-homebrew",
        "nixpkgs": "nixpkgs",
        "nixvim": "nixvim",
        "spicetify-nix": "spicetify-nix",
        "tmux-sessionx": "tmux-sessionx"
      }
    },
    "spicetify-nix": {
      "inputs": {
        "nixpkgs": [
          "nixpkgs"
        ],
        "systems": "systems_2"
      },
      "locked": {
        "lastModified": 1745073200,
        "narHash": "sha256-9BdXrdvR4ewdRMbvTRKABrJfuhcH1xxin2OR89MhMNY=",
        "owner": "Gerg-L",
        "repo": "spicetify-nix",
        "rev": "c9093f2d516c5b62461844c06bf362db8e230ff9",
        "type": "github"
      },
      "original": {
        "owner": "Gerg-L",
        "repo": "spicetify-nix",
        "type": "github"
      }
    },
    "systems": {
      "locked": {
        "lastModified": 1681028828,
        "narHash": "sha256-Vy1rq5AaRuLzOxct8nz4T6wlgyUR7zLU309k9mBC768=",
        "owner": "nix-systems",
        "repo": "default",
        "rev": "da67096a3b9bf56a91d16901293e51ba5b49a27e",
        "type": "github"
      },
      "original": {
        "owner": "nix-systems",
        "repo": "default",
        "type": "github"
      }
    },
    "systems_2": {
      "locked": {
        "lastModified": 1681028828,
        "narHash": "sha256-Vy1rq5AaRuLzOxct8nz4T6wlgyUR7zLU309k9mBC768=",
        "owner": "nix-systems",
        "repo": "default",
        "rev": "da67096a3b9bf56a91d16901293e51ba5b49a27e",
        "type": "github"
      },
      "original": {
        "owner": "nix-systems",
        "repo": "default",
        "type": "github"
      }
    },
    "tmux-sessionx": {
      "inputs": {
        "flake-parts": "flake-parts_3",
        "nixpkgs": "nixpkgs_3"
      },
      "locked": {
        "lastModified": 1736251564,
        "narHash": "sha256-SRKI4mliMSMp/Yd+oSn48ArbbRA+szaj70BQeTd8NhM=",
        "owner": "omerxx",
        "repo": "tmux-sessionx",
        "rev": "42c18389e73b80381d054dd1005b8c9a66942248",
        "type": "github"
      },
      "original": {
        "owner": "omerxx",
        "repo": "tmux-sessionx",
        "type": "github"
      }
    }
  },
  "root": "root",
  "version": 7
}
