{
  "nodes": {
    "nixCats": {
      "locked": {
        "lastModified": 1745911228,
        "narHash": "sha256-fKa0Qx29He9fug22n9PYcqshtclvWxQoplLuqti6iXM=",
        "owner": "BirdeeHub",
        "repo": "nixCats-nvim",
        "rev": "88363047c9e5ac20001b9f3ee964fdc89cc2eb86",
        "type": "github"
      },
      "original": {
        "owner": "BirdeeHub",
        "repo": "nixCats-nvim",
        "type": "github"
      }
    },
    "nixpkgs": {
      "locked": {
        "lastModified": 1745900683,
        "narHash": "sha256-ZGi2gjgPtmPmplCVz7dNufqkBr00g6EeAloX3GrFQls=",
        "owner": "nixos",
        "repo": "nixpkgs",
        "rev": "ffa0bb043c25cfc79ff3bc20ba2e44c3724499b1",
        "type": "github"
      },
      "original": {
        "owner": "nixos",
        "ref": "nixpkgs-unstable",
        "repo": "nixpkgs",
        "type": "github"
      }
    },
    "root": {
      "inputs": {
        "nixCats": "nixCats",
        "nixpkgs": "nixpkgs"
      }
    }
  },
  "root": "root",
  "version": 7
}
